
Microsoft Visual Studio Solution File, Format Version 12.00
# Visual Studio Version 17
VisualStudioVersion = 17.8.34330.188
MinimumVisualStudioVersion = 10.0.40219.1
Project("{FAE04EC0-301F-11D3-BF4B-00C04F79EFBC}") = "passinggame", "passinggame\passinggame.csproj", "{ED8D2510-C70F-47CF-9ED7-91423B43B784}"
EndProject
Global
	GlobalSection(SolutionConfigurationPlatforms) = preSolution
		Debug|Any CPU = Debug|Any CPU
		Release|Any CPU = Release|Any CPU
	EndGlobalSection
	GlobalSection(ProjectConfigurationPlatforms) = postSolution
		{ED8D2510-C70F-47CF-9ED7-91423B43B784}.Debug|Any CPU.ActiveCfg = Debug|Any CPU
		{ED8D2510-C70F-47CF-9ED7-91423B43B784}.Debug|Any CPU.Build.0 = Debug|Any CPU
		{ED8D2510-C70F-47CF-9ED7-91423B43B784}.Release|Any CPU.ActiveCfg = Release|Any CPU
		{ED8D2510-C70F-47CF-9ED7-91423B43B784}.Release|Any CPU.Build.0 = Release|Any CPU
	EndGlobalSection
	GlobalSection(SolutionProperties) = preSolution
		HideSolutionNode = FALSE
	EndGlobalSection
	GlobalSection(ExtensibilityGlobals) = postSolution
		SolutionGuid = {9FE3333C-1F59-4C92-BADC-FC4395A93307}
	EndGlobalSection
EndGlobal
